
Microsoft Visual Studio Solution File, Format Version 11.00
# Visual Studio 2010
Project("{FAE04EC0-301F-11D3-BF4B-00C04F79EFBC}") = "Assembly-CSharp", "Assembly-CSharp.csproj", "{2e5dee53-167e-b5fc-5e22-fd177b0e66bc}"
EndProject
Project("{FAE04EC0-301F-11D3-BF4B-00C04F79EFBC}") = "LeanTransition", "LeanTransition.csproj", "{cb7c0b40-f313-b097-49ef-fe3edbbdc039}"
EndProject
Project("{FAE04EC0-301F-11D3-BF4B-00C04F79EFBC}") = "LeanGUI", "LeanGUI.csproj", "{0b61b11e-1c24-edd7-6e15-02def8464050}"
EndProject
Project("{FAE04EC0-301F-11D3-BF4B-00C04F79EFBC}") = "LeanCommon", "LeanCommon.csproj", "{52f82fd3-57d8-57af-04ba-43ca4147735c}"
EndProject
Global
	GlobalSection(SolutionConfigurationPlatforms) = preSolution
		Debug|Any CPU = Debug|Any CPU
	EndGlobalSection
	GlobalSection(ProjectConfigurationPlatforms) = postSolution
		{2e5dee53-167e-b5fc-5e22-fd177b0e66bc}.Debug|Any CPU.ActiveCfg = Debug|Any CPU
		{2e5dee53-167e-b5fc-5e22-fd177b0e66bc}.Debug|Any CPU.Build.0 = Debug|Any CPU
		{cb7c0b40-f313-b097-49ef-fe3edbbdc039}.Debug|Any CPU.ActiveCfg = Debug|Any CPU
		{cb7c0b40-f313-b097-49ef-fe3edbbdc039}.Debug|Any CPU.Build.0 = Debug|Any CPU
		{0b61b11e-1c24-edd7-6e15-02def8464050}.Debug|Any CPU.ActiveCfg = Debug|Any CPU
		{0b61b11e-1c24-edd7-6e15-02def8464050}.Debug|Any CPU.Build.0 = Debug|Any CPU
		{52f82fd3-57d8-57af-04ba-43ca4147735c}.Debug|Any CPU.ActiveCfg = Debug|Any CPU
		{52f82fd3-57d8-57af-04ba-43ca4147735c}.Debug|Any CPU.Build.0 = Debug|Any CPU
	EndGlobalSection
	GlobalSection(SolutionProperties) = preSolution
		HideSolutionNode = FALSE
	EndGlobalSection
EndGlobal
